
Microsoft Visual Studio Solution File, Format Version 12.00
# Visual Studio Version 17
VisualStudioVersion = 17.9.34622.214
MinimumVisualStudioVersion = 10.0.40219.1
Project("{FAE04EC0-301F-11D3-BF4B-00C04F79EFBC}") = "GaussianFilter", "GaussianFilter\GaussianFilter.csproj", "{2F97AB39-E6C6-46A3-8F79-D0D0CF4DD97D}"
	ProjectSection(ProjectDependencies) = postProject
		{5CA58D92-C79C-4E9B-89F1-FB59ECFEF26B} = {5CA58D92-C79C-4E9B-89F1-FB59ECFEF26B}
		{EC705D98-283A-4C4B-9DFA-0C327145E5AA} = {EC705D98-283A-4C4B-9DFA-0C327145E5AA}
	EndProjectSection
EndProject
Project("{8BC9CEB8-8B4A-11D0-8D11-00A0C91BC942}") = "Asm", "Dll1\Dll1.vcxproj", "{5CA58D92-C79C-4E9B-89F1-FB59ECFEF26B}"
EndProject
Project("{8BC9CEB8-8B4A-11D0-8D11-00A0C91BC942}") = "Cdll", "Cdll\Cdll.vcxproj", "{EC705D98-283A-4C4B-9DFA-0C327145E5AA}"
EndProject
Global
	GlobalSection(SolutionConfigurationPlatforms) = preSolution
		Debug|Any CPU = Debug|Any CPU
		Debug|x64 = Debug|x64
		Debug|x86 = Debug|x86
		Release|Any CPU = Release|Any CPU
		Release|x64 = Release|x64
		Release|x86 = Release|x86
	EndGlobalSection
	GlobalSection(ProjectConfigurationPlatforms) = postSolution
		{2F97AB39-E6C6-46A3-8F79-D0D0CF4DD97D}.Debug|Any CPU.ActiveCfg = Debug|x64
		{2F97AB39-E6C6-46A3-8F79-D0D0CF4DD97D}.Debug|Any CPU.Build.0 = Debug|x64
		{2F97AB39-E6C6-46A3-8F79-D0D0CF4DD97D}.Debug|x64.ActiveCfg = Debug|x64
		{2F97AB39-E6C6-46A3-8F79-D0D0CF4DD97D}.Debug|x64.Build.0 = Debug|x64
		{2F97AB39-E6C6-46A3-8F79-D0D0CF4DD97D}.Debug|x86.ActiveCfg = Debug|Any CPU
		{2F97AB39-E6C6-46A3-8F79-D0D0CF4DD97D}.Debug|x86.Build.0 = Debug|Any CPU
		{2F97AB39-E6C6-46A3-8F79-D0D0CF4DD97D}.Release|Any CPU.ActiveCfg = Release|Any CPU
		{2F97AB39-E6C6-46A3-8F79-D0D0CF4DD97D}.Release|Any CPU.Build.0 = Release|Any CPU
		{2F97AB39-E6C6-46A3-8F79-D0D0CF4DD97D}.Release|x64.ActiveCfg = Release|Any CPU
		{2F97AB39-E6C6-46A3-8F79-D0D0CF4DD97D}.Release|x64.Build.0 = Release|Any CPU
		{2F97AB39-E6C6-46A3-8F79-D0D0CF4DD97D}.Release|x86.ActiveCfg = Release|Any CPU
		{2F97AB39-E6C6-46A3-8F79-D0D0CF4DD97D}.Release|x86.Build.0 = Release|Any CPU
		{5CA58D92-C79C-4E9B-89F1-FB59ECFEF26B}.Debug|Any CPU.ActiveCfg = Debug|x64
		{5CA58D92-C79C-4E9B-89F1-FB59ECFEF26B}.Debug|Any CPU.Build.0 = Debug|x64
		{5CA58D92-C79C-4E9B-89F1-FB59ECFEF26B}.Debug|x64.ActiveCfg = Debug|x64
		{5CA58D92-C79C-4E9B-89F1-FB59ECFEF26B}.Debug|x64.Build.0 = Debug|x64
		{5CA58D92-C79C-4E9B-89F1-FB59ECFEF26B}.Debug|x86.ActiveCfg = Debug|Win32
		{5CA58D92-C79C-4E9B-89F1-FB59ECFEF26B}.Debug|x86.Build.0 = Debug|Win32
		{5CA58D92-C79C-4E9B-89F1-FB59ECFEF26B}.Release|Any CPU.ActiveCfg = Release|x64
		{5CA58D92-C79C-4E9B-89F1-FB59ECFEF26B}.Release|Any CPU.Build.0 = Release|x64
		{5CA58D92-C79C-4E9B-89F1-FB59ECFEF26B}.Release|x64.ActiveCfg = Release|x64
		{5CA58D92-C79C-4E9B-89F1-FB59ECFEF26B}.Release|x64.Build.0 = Release|x64
		{5CA58D92-C79C-4E9B-89F1-FB59ECFEF26B}.Release|x86.ActiveCfg = Release|Win32
		{5CA58D92-C79C-4E9B-89F1-FB59ECFEF26B}.Release|x86.Build.0 = Release|Win32
		{EC705D98-283A-4C4B-9DFA-0C327145E5AA}.Debug|Any CPU.ActiveCfg = Debug|x64
		{EC705D98-283A-4C4B-9DFA-0C327145E5AA}.Debug|Any CPU.Build.0 = Debug|x64
		{EC705D98-283A-4C4B-9DFA-0C327145E5AA}.Debug|x64.ActiveCfg = Debug|x64
		{EC705D98-283A-4C4B-9DFA-0C327145E5AA}.Debug|x64.Build.0 = Debug|x64
		{EC705D98-283A-4C4B-9DFA-0C327145E5AA}.Debug|x86.ActiveCfg = Debug|Win32
		{EC705D98-283A-4C4B-9DFA-0C327145E5AA}.Debug|x86.Build.0 = Debug|Win32
		{EC705D98-283A-4C4B-9DFA-0C327145E5AA}.Release|Any CPU.ActiveCfg = Release|x64
		{EC705D98-283A-4C4B-9DFA-0C327145E5AA}.Release|Any CPU.Build.0 = Release|x64
		{EC705D98-283A-4C4B-9DFA-0C327145E5AA}.Release|x64.ActiveCfg = Release|x64
		{EC705D98-283A-4C4B-9DFA-0C327145E5AA}.Release|x64.Build.0 = Release|x64
		{EC705D98-283A-4C4B-9DFA-0C327145E5AA}.Release|x86.ActiveCfg = Release|Win32
		{EC705D98-283A-4C4B-9DFA-0C327145E5AA}.Release|x86.Build.0 = Release|Win32
	EndGlobalSection
	GlobalSection(SolutionProperties) = preSolution
		HideSolutionNode = FALSE
	EndGlobalSection
	GlobalSection(ExtensibilityGlobals) = postSolution
		SolutionGuid = {42EF450E-2BAB-469B-BA16-DDFF414ADD01}
	EndGlobalSection
EndGlobal
